
Microsoft Visual Studio Solution File, Format Version 12.00
# Visual Studio 14
VisualStudioVersion = 14.0.25420.1
MinimumVisualStudioVersion = 10.0.40219.1
Project("{FAE04EC0-301F-11D3-BF4B-00C04F79EFBC}") = "AGLDeveloperTest", "AGLDeveloperTest\AGLDeveloperTest.csproj", "{05192433-D625-410F-A9A5-A26C5B5BFEA4}"
EndProject
Project("{FAE04EC0-301F-11D3-BF4B-00C04F79EFBC}") = "AGLDeveloperUnitTest", "AGLDeveloperUnitTest\AGLDeveloperUnitTest.csproj", "{B4108152-4897-4DEC-BEC6-3656F2023D48}"
EndProject
Global
	GlobalSection(SolutionConfigurationPlatforms) = preSolution
		Debug|Any CPU = Debug|Any CPU
		Release|Any CPU = Release|Any CPU
	EndGlobalSection
	GlobalSection(ProjectConfigurationPlatforms) = postSolution
		{05192433-D625-410F-A9A5-A26C5B5BFEA4}.Debug|Any CPU.ActiveCfg = Debug|Any CPU
		{05192433-D625-410F-A9A5-A26C5B5BFEA4}.Debug|Any CPU.Build.0 = Debug|Any CPU
		{05192433-D625-410F-A9A5-A26C5B5BFEA4}.Release|Any CPU.ActiveCfg = Release|Any CPU
		{05192433-D625-410F-A9A5-A26C5B5BFEA4}.Release|Any CPU.Build.0 = Release|Any CPU
		{B4108152-4897-4DEC-BEC6-3656F2023D48}.Debug|Any CPU.ActiveCfg = Debug|Any CPU
		{B4108152-4897-4DEC-BEC6-3656F2023D48}.Debug|Any CPU.Build.0 = Debug|Any CPU
		{B4108152-4897-4DEC-BEC6-3656F2023D48}.Release|Any CPU.ActiveCfg = Release|Any CPU
		{B4108152-4897-4DEC-BEC6-3656F2023D48}.Release|Any CPU.Build.0 = Release|Any CPU
	EndGlobalSection
	GlobalSection(SolutionProperties) = preSolution
		HideSolutionNode = FALSE
	EndGlobalSection
EndGlobal
